
Microsoft Visual Studio Solution File, Format Version 12.00
# Visual Studio Version 17
VisualStudioVersion = 17.5.002.0
MinimumVisualStudioVersion = 10.0.40219.1
Project("{9A19103F-16F7-4668-BE54-9A1E7A4F7556}") = "Leet", "Leet.csproj", "{C973F1A8-4A5B-48BB-9798-E1ACCB5C4CBB}"
EndProject
Global
	GlobalSection(SolutionConfigurationPlatforms) = preSolution
		Debug|Any CPU = Debug|Any CPU
		Release|Any CPU = Release|Any CPU
	EndGlobalSection
	GlobalSection(ProjectConfigurationPlatforms) = postSolution
		{C973F1A8-4A5B-48BB-9798-E1ACCB5C4CBB}.Debug|Any CPU.ActiveCfg = Debug|Any CPU
		{C973F1A8-4A5B-48BB-9798-E1ACCB5C4CBB}.Debug|Any CPU.Build.0 = Debug|Any CPU
		{C973F1A8-4A5B-48BB-9798-E1ACCB5C4CBB}.Release|Any CPU.ActiveCfg = Release|Any CPU
		{C973F1A8-4A5B-48BB-9798-E1ACCB5C4CBB}.Release|Any CPU.Build.0 = Release|Any CPU
	EndGlobalSection
	GlobalSection(SolutionProperties) = preSolution
		HideSolutionNode = FALSE
	EndGlobalSection
	GlobalSection(ExtensibilityGlobals) = postSolution
		SolutionGuid = {C80E62CC-AF36-4F82-B6C2-51AE34000AE0}
	EndGlobalSection
EndGlobal
